
Microsoft Visual Studio Solution File, Format Version 12.00
# Visual Studio Version 17
VisualStudioVersion = 17.11.35222.181
MinimumVisualStudioVersion = 10.0.40219.1
Project("{8BC9CEB8-8B4A-11D0-8D11-00A0C91BC942}") = "8.1_string", "8.1_string\8.1_string.vcxproj", "{EB54F3EB-8E81-4C90-B01F-AE2596E8B082}"
EndProject
Project("{8BC9CEB8-8B4A-11D0-8D11-00A0C91BC942}") = "UnitTest_8.1_string", "UnitTest_8.1_string\UnitTest_8.1_string.vcxproj", "{3650CADB-D28F-4CC8-826A-6AF71A7E5A11}"
EndProject
Global
	GlobalSection(SolutionConfigurationPlatforms) = preSolution
		Debug|x64 = Debug|x64
		Debug|x86 = Debug|x86
		Release|x64 = Release|x64
		Release|x86 = Release|x86
	EndGlobalSection
	GlobalSection(ProjectConfigurationPlatforms) = postSolution
		{EB54F3EB-8E81-4C90-B01F-AE2596E8B082}.Debug|x64.ActiveCfg = Debug|x64
		{EB54F3EB-8E81-4C90-B01F-AE2596E8B082}.Debug|x64.Build.0 = Debug|x64
		{EB54F3EB-8E81-4C90-B01F-AE2596E8B082}.Debug|x86.ActiveCfg = Debug|Win32
		{EB54F3EB-8E81-4C90-B01F-AE2596E8B082}.Debug|x86.Build.0 = Debug|Win32
		{EB54F3EB-8E81-4C90-B01F-AE2596E8B082}.Release|x64.ActiveCfg = Release|x64
		{EB54F3EB-8E81-4C90-B01F-AE2596E8B082}.Release|x64.Build.0 = Release|x64
		{EB54F3EB-8E81-4C90-B01F-AE2596E8B082}.Release|x86.ActiveCfg = Release|Win32
		{EB54F3EB-8E81-4C90-B01F-AE2596E8B082}.Release|x86.Build.0 = Release|Win32
		{3650CADB-D28F-4CC8-826A-6AF71A7E5A11}.Debug|x64.ActiveCfg = Debug|x64
		{3650CADB-D28F-4CC8-826A-6AF71A7E5A11}.Debug|x64.Build.0 = Debug|x64
		{3650CADB-D28F-4CC8-826A-6AF71A7E5A11}.Debug|x86.ActiveCfg = Debug|Win32
		{3650CADB-D28F-4CC8-826A-6AF71A7E5A11}.Debug|x86.Build.0 = Debug|Win32
		{3650CADB-D28F-4CC8-826A-6AF71A7E5A11}.Release|x64.ActiveCfg = Release|x64
		{3650CADB-D28F-4CC8-826A-6AF71A7E5A11}.Release|x64.Build.0 = Release|x64
		{3650CADB-D28F-4CC8-826A-6AF71A7E5A11}.Release|x86.ActiveCfg = Release|Win32
		{3650CADB-D28F-4CC8-826A-6AF71A7E5A11}.Release|x86.Build.0 = Release|Win32
	EndGlobalSection
	GlobalSection(SolutionProperties) = preSolution
		HideSolutionNode = FALSE
	EndGlobalSection
	GlobalSection(ExtensibilityGlobals) = postSolution
		SolutionGuid = {BEB9A038-1177-4F9C-94FC-2E2C3963099C}
	EndGlobalSection
EndGlobal
